
Microsoft Visual Studio Solution File, Format Version 12.00
# Visual Studio Version 17
VisualStudioVersion = 17.8.34316.72
MinimumVisualStudioVersion = 10.0.40219.1
Project("{FAE04EC0-301F-11D3-BF4B-00C04F79EFBC}") = "SalesWebMvc", "SalesWebMvc\SalesWebMvc.csproj", "{4909F236-4698-4E9A-8B72-C00E3B3AD75A}"
EndProject
Global
	GlobalSection(SolutionConfigurationPlatforms) = preSolution
		Debug|Any CPU = Debug|Any CPU
		Release|Any CPU = Release|Any CPU
	EndGlobalSection
	GlobalSection(ProjectConfigurationPlatforms) = postSolution
		{4909F236-4698-4E9A-8B72-C00E3B3AD75A}.Debug|Any CPU.ActiveCfg = Debug|Any CPU
		{4909F236-4698-4E9A-8B72-C00E3B3AD75A}.Debug|Any CPU.Build.0 = Debug|Any CPU
		{4909F236-4698-4E9A-8B72-C00E3B3AD75A}.Release|Any CPU.ActiveCfg = Release|Any CPU
		{4909F236-4698-4E9A-8B72-C00E3B3AD75A}.Release|Any CPU.Build.0 = Release|Any CPU
	EndGlobalSection
	GlobalSection(SolutionProperties) = preSolution
		HideSolutionNode = FALSE
	EndGlobalSection
	GlobalSection(ExtensibilityGlobals) = postSolution
		SolutionGuid = {8FDFEA2F-71D8-4A66-98CF-511C4F448AFF}
	EndGlobalSection
EndGlobal
